// !$*UTF8*$!
{
	archiveVersion = 1;
	classes = {
	};
	objectVersion = 55;
	objects = {

/* Begin PBXBuildFile section */
		DA06135F2829AD280068B3EF /* Bayraklar.swift in Sources */ = {isa = PBXBuildFile; fileRef = DA06135E2829AD280068B3EF /* Bayraklar.swift */; };
		DA0613612829ADD30068B3EF /* Bayrakdao.swift in Sources */ = {isa = PBXBuildFile; fileRef = DA0613602829ADD30068B3EF /* Bayrakdao.swift */; };
		DA6E524C2829A3A90059F7C4 /* AppDelegate.swift in Sources */ = {isa = PBXBuildFile; fileRef = DA6E524B2829A3A90059F7C4 /* AppDelegate.swift */; };
		DA6E524E2829A3A90059F7C4 /* SceneDelegate.swift in Sources */ = {isa = PBXBuildFile; fileRef = DA6E524D2829A3A90059F7C4 /* SceneDelegate.swift */; };
		DA6E52502829A3A90059F7C4 /* ViewController.swift in Sources */ = {isa = PBXBuildFile; fileRef = DA6E524F2829A3A90059F7C4 /* ViewController.swift */; };
		DA6E52532829A3A90059F7C4 /* Main.storyboard in Resources */ = {isa = PBXBuildFile; fileRef = DA6E52512829A3A90059F7C4 /* Main.storyboard */; };
		DA6E52552829A3AA0059F7C4 /* Assets.xcassets in Resources */ = {isa = PBXBuildFile; fileRef = DA6E52542829A3AA0059F7C4 /* Assets.xcassets */; };
		DA6E52582829A3AA0059F7C4 /* LaunchScreen.storyboard in Resources */ = {isa = PBXBuildFile; fileRef = DA6E52562829A3AA0059F7C4 /* LaunchScreen.storyboard */; };
		DA6E526D2829A3DF0059F7C4 /* FMDatabaseAdditions.m in Sources */ = {isa = PBXBuildFile; fileRef = DA6E52622829A3DF0059F7C4 /* FMDatabaseAdditions.m */; };
		DA6E526E2829A3DF0059F7C4 /* FMDatabaseQueue.m in Sources */ = {isa = PBXBuildFile; fileRef = DA6E52642829A3DF0059F7C4 /* FMDatabaseQueue.m */; };
		DA6E526F2829A3DF0059F7C4 /* FMResultSet.m in Sources */ = {isa = PBXBuildFile; fileRef = DA6E52662829A3DF0059F7C4 /* FMResultSet.m */; };
		DA6E52702829A3DF0059F7C4 /* FMDatabase.m in Sources */ = {isa = PBXBuildFile; fileRef = DA6E526A2829A3DF0059F7C4 /* FMDatabase.m */; };
		DA6E52712829A3DF0059F7C4 /* FMDatabasePool.m in Sources */ = {isa = PBXBuildFile; fileRef = DA6E526B2829A3DF0059F7C4 /* FMDatabasePool.m */; };
		DA6E52732829A5C80059F7C4 /* bayrakquiz.db in Resources */ = {isa = PBXBuildFile; fileRef = DA6E52722829A5C70059F7C4 /* bayrakquiz.db */; };
		DA6E52752829A62F0059F7C4 /* QuizEkraniViewController.swift in Sources */ = {isa = PBXBuildFile; fileRef = DA6E52742829A62F0059F7C4 /* QuizEkraniViewController.swift */; };
		DA6E52772829A63B0059F7C4 /* SonucEkraniViewController.swift in Sources */ = {isa = PBXBuildFile; fileRef = DA6E52762829A63B0059F7C4 /* SonucEkraniViewController.swift */; };
/* End PBXBuildFile section */

/* Begin PBXFileReference section */
		DA06135E2829AD280068B3EF /* Bayraklar.swift */ = {isa = PBXFileReference; lastKnownFileType = sourcecode.swift; path = Bayraklar.swift; sourceTree = "<group>"; };
		DA0613602829ADD30068B3EF /* Bayrakdao.swift */ = {isa = PBXFileReference; lastKnownFileType = sourcecode.swift; path = Bayrakdao.swift; sourceTree = "<group>"; };
		DA6E52482829A3A90059F7C4 /* udemy_sqlbayrakquiz.app */ = {isa = PBXFileReference; explicitFileType = wrapper.application; includeInIndex = 0; path = udemy_sqlbayrakquiz.app; sourceTree = BUILT_PRODUCTS_DIR; };
		DA6E524B2829A3A90059F7C4 /* AppDelegate.swift */ = {isa = PBXFileReference; lastKnownFileType = sourcecode.swift; path = AppDelegate.swift; sourceTree = "<group>"; };
		DA6E524D2829A3A90059F7C4 /* SceneDelegate.swift */ = {isa = PBXFileReference; lastKnownFileType = sourcecode.swift; path = SceneDelegate.swift; sourceTree = "<group>"; };
		DA6E524F2829A3A90059F7C4 /* ViewController.swift */ = {isa = PBXFileReference; lastKnownFileType = sourcecode.swift; path = ViewController.swift; sourceTree = "<group>"; };
		DA6E52522829A3A90059F7C4 /* Base */ = {isa = PBXFileReference; lastKnownFileType = file.storyboard; name = Base; path = Base.lproj/Main.storyboard; sourceTree = "<group>"; };
		DA6E52542829A3AA0059F7C4 /* Assets.xcassets */ = {isa = PBXFileReference; lastKnownFileType = folder.assetcatalog; path = Assets.xcassets; sourceTree = "<group>"; };
		DA6E52572829A3AA0059F7C4 /* Base */ = {isa = PBXFileReference; lastKnownFileType = file.storyboard; name = Base; path = Base.lproj/LaunchScreen.storyboard; sourceTree = "<group>"; };
		DA6E52592829A3AA0059F7C4 /* Info.plist */ = {isa = PBXFileReference; lastKnownFileType = text.plist.xml; path = Info.plist; sourceTree = "<group>"; };
		DA6E52602829A3C80059F7C4 /* libsqlite3.tbd */ = {isa = PBXFileReference; lastKnownFileType = "sourcecode.text-based-dylib-definition"; name = libsqlite3.tbd; path = usr/lib/libsqlite3.tbd; sourceTree = SDKROOT; };
		DA6E52612829A3DE0059F7C4 /* udemy_sqlbayrakquiz-Bridging-Header.h */ = {isa = PBXFileReference; lastKnownFileType = sourcecode.c.h; path = "udemy_sqlbayrakquiz-Bridging-Header.h"; sourceTree = "<group>"; };
		DA6E52622829A3DF0059F7C4 /* FMDatabaseAdditions.m */ = {isa = PBXFileReference; fileEncoding = 4; lastKnownFileType = sourcecode.c.objc; path = FMDatabaseAdditions.m; sourceTree = "<group>"; };
		DA6E52632829A3DF0059F7C4 /* FMDB.h */ = {isa = PBXFileReference; fileEncoding = 4; lastKnownFileType = sourcecode.c.h; path = FMDB.h; sourceTree = "<group>"; };
		DA6E52642829A3DF0059F7C4 /* FMDatabaseQueue.m */ = {isa = PBXFileReference; fileEncoding = 4; lastKnownFileType = sourcecode.c.objc; path = FMDatabaseQueue.m; sourceTree = "<group>"; };
		DA6E52652829A3DF0059F7C4 /* FMDatabase.h */ = {isa = PBXFileReference; fileEncoding = 4; lastKnownFileType = sourcecode.c.h; path = FMDatabase.h; sourceTree = "<group>"; };
		DA6E52662829A3DF0059F7C4 /* FMResultSet.m */ = {isa = PBXFileReference; fileEncoding = 4; lastKnownFileType = sourcecode.c.objc; path = FMResultSet.m; sourceTree = "<group>"; };
		DA6E52672829A3DF0059F7C4 /* FMDatabaseAdditions.h */ = {isa = PBXFileReference; fileEncoding = 4; lastKnownFileType = sourcecode.c.h; path = FMDatabaseAdditions.h; sourceTree = "<group>"; };
		DA6E52682829A3DF0059F7C4 /* FMDatabaseQueue.h */ = {isa = PBXFileReference; fileEncoding = 4; lastKnownFileType = sourcecode.c.h; path = FMDatabaseQueue.h; sourceTree = "<group>"; };
		DA6E52692829A3DF0059F7C4 /* FMResultSet.h */ = {isa = PBXFileReference; fileEncoding = 4; lastKnownFileType = sourcecode.c.h; path = FMResultSet.h; sourceTree = "<group>"; };
		DA6E526A2829A3DF0059F7C4 /* FMDatabase.m */ = {isa = PBXFileReference; fileEncoding = 4; lastKnownFileType = sourcecode.c.objc; path = FMDatabase.m; sourceTree = "<group>"; };
		DA6E526B2829A3DF0059F7C4 /* FMDatabasePool.m */ = {isa = PBXFileReference; fileEncoding = 4; lastKnownFileType = sourcecode.c.objc; path = FMDatabasePool.m; sourceTree = "<group>"; };
		DA6E526C2829A3DF0059F7C4 /* FMDatabasePool.h */ = {isa = PBXFileReference; fileEncoding = 4; lastKnownFileType = sourcecode.c.h; path = FMDatabasePool.h; sourceTree = "<group>"; };
		DA6E52722829A5C70059F7C4 /* bayrakquiz.db */ = {isa = PBXFileReference; lastKnownFileType = file; path = bayrakquiz.db; sourceTree = "<group>"; };
		DA6E52742829A62F0059F7C4 /* QuizEkraniViewController.swift */ = {isa = PBXFileReference; lastKnownFileType = sourcecode.swift; path = QuizEkraniViewController.swift; sourceTree = "<group>"; };
		DA6E52762829A63B0059F7C4 /* SonucEkraniViewController.swift */ = {isa = PBXFileReference; lastKnownFileType = sourcecode.swift; path = SonucEkraniViewController.swift; sourceTree = "<group>"; };
/* End PBXFileReference section */

/* Begin PBXFrameworksBuildPhase section */
		DA6E52452829A3A90059F7C4 /* Frameworks */ = {
			isa = PBXFrameworksBuildPhase;
			buildActionMask = 2147483647;
			files = (
			);
			runOnlyForDeploymentPostprocessing = 0;
		};
/* End PBXFrameworksBuildPhase section */

/* Begin PBXGroup section */
		DA6E523F2829A3A90059F7C4 = {
			isa = PBXGroup;
			children = (
				DA6E524A2829A3A90059F7C4 /* udemy_sqlbayrakquiz */,
				DA6E52492829A3A90059F7C4 /* Products */,
				DA6E525F2829A3C80059F7C4 /* Frameworks */,
			);
			sourceTree = "<group>";
		};
		DA6E52492829A3A90059F7C4 /* Products */ = {
			isa = PBXGroup;
			children = (
				DA6E52482829A3A90059F7C4 /* udemy_sqlbayrakquiz.app */,
			);
			name = Products;
			sourceTree = "<group>";
		};
		DA6E524A2829A3A90059F7C4 /* udemy_sqlbayrakquiz */ = {
			isa = PBXGroup;
			children = (
				DA6E52722829A5C70059F7C4 /* bayrakquiz.db */,
				DA6E524B2829A3A90059F7C4 /* AppDelegate.swift */,
				DA6E524D2829A3A90059F7C4 /* SceneDelegate.swift */,
				DA6E524F2829A3A90059F7C4 /* ViewController.swift */,
				DA6E52742829A62F0059F7C4 /* QuizEkraniViewController.swift */,
				DA6E52762829A63B0059F7C4 /* SonucEkraniViewController.swift */,
				DA6E52512829A3A90059F7C4 /* Main.storyboard */,
				DA6E52542829A3AA0059F7C4 /* Assets.xcassets */,
				DA6E52562829A3AA0059F7C4 /* LaunchScreen.storyboard */,
				DA6E52592829A3AA0059F7C4 /* Info.plist */,
				DA6E52652829A3DF0059F7C4 /* FMDatabase.h */,
				DA6E526A2829A3DF0059F7C4 /* FMDatabase.m */,
				DA6E52672829A3DF0059F7C4 /* FMDatabaseAdditions.h */,
				DA6E52622829A3DF0059F7C4 /* FMDatabaseAdditions.m */,
				DA6E526C2829A3DF0059F7C4 /* FMDatabasePool.h */,
				DA6E526B2829A3DF0059F7C4 /* FMDatabasePool.m */,
				DA6E52682829A3DF0059F7C4 /* FMDatabaseQueue.h */,
				DA6E52642829A3DF0059F7C4 /* FMDatabaseQueue.m */,
				DA6E52632829A3DF0059F7C4 /* FMDB.h */,
				DA6E52692829A3DF0059F7C4 /* FMResultSet.h */,
				DA6E52662829A3DF0059F7C4 /* FMResultSet.m */,
				DA6E52612829A3DE0059F7C4 /* udemy_sqlbayrakquiz-Bridging-Header.h */,
				DA06135E2829AD280068B3EF /* Bayraklar.swift */,
				DA0613602829ADD30068B3EF /* Bayrakdao.swift */,
			);
			path = udemy_sqlbayrakquiz;
			sourceTree = "<group>";
		};
		DA6E525F2829A3C80059F7C4 /* Frameworks */ = {
			isa = PBXGroup;
			children = (
				DA6E52602829A3C80059F7C4 /* libsqlite3.tbd */,
			);
			name = Frameworks;
			sourceTree = "<group>";
		};
/* End PBXGroup section */

/* Begin PBXNativeTarget section */
		DA6E52472829A3A90059F7C4 /* udemy_sqlbayrakquiz */ = {
			isa = PBXNativeTarget;
			buildConfigurationList = DA6E525C2829A3AA0059F7C4 /* Build configuration list for PBXNativeTarget "udemy_sqlbayrakquiz" */;
			buildPhases = (
				DA6E52442829A3A90059F7C4 /* Sources */,
				DA6E52452829A3A90059F7C4 /* Frameworks */,
				DA6E52462829A3A90059F7C4 /* Resources */,
			);
			buildRules = (
			);
			dependencies = (
			);
			name = udemy_sqlbayrakquiz;
			productName = udemy_sqlbayrakquiz;
			productReference = DA6E52482829A3A90059F7C4 /* udemy_sqlbayrakquiz.app */;
			productType = "com.apple.product-type.application";
		};
/* End PBXNativeTarget section */

/* Begin PBXProject section */
		DA6E52402829A3A90059F7C4 /* Project object */ = {
			isa = PBXProject;
			attributes = {
				BuildIndependentTargetsInParallel = 1;
				LastSwiftUpdateCheck = 1330;
				LastUpgradeCheck = 1330;
				TargetAttributes = {
					DA6E52472829A3A90059F7C4 = {
						CreatedOnToolsVersion = 13.3.1;
						LastSwiftMigration = 1330;
					};
				};
			};
			buildConfigurationList = DA6E52432829A3A90059F7C4 /* Build configuration list for PBXProject "udemy_sqlbayrakquiz" */;
			compatibilityVersion = "Xcode 13.0";
			developmentRegion = en;
			hasScannedForEncodings = 0;
			knownRegions = (
				en,
				Base,
			);
			mainGroup = DA6E523F2829A3A90059F7C4;
			productRefGroup = DA6E52492829A3A90059F7C4 /* Products */;
			projectDirPath = "";
			projectRoot = "";
			targets = (
				DA6E52472829A3A90059F7C4 /* udemy_sqlbayrakquiz */,
			);
		};
/* End PBXProject section */

/* Begin PBXResourcesBuildPhase section */
		DA6E52462829A3A90059F7C4 /* Resources */ = {
			isa = PBXResourcesBuildPhase;
			buildActionMask = 2147483647;
			files = (
				DA6E52732829A5C80059F7C4 /* bayrakquiz.db in Resources */,
				DA6E52582829A3AA0059F7C4 /* LaunchScreen.storyboard in Resources */,
				DA6E52552829A3AA0059F7C4 /* Assets.xcassets in Resources */,
				DA6E52532829A3A90059F7C4 /* Main.storyboard in Resources */,
			);
			runOnlyForDeploymentPostprocessing = 0;
		};
/* End PBXResourcesBuildPhase section */

/* Begin PBXSourcesBuildPhase section */
		DA6E52442829A3A90059F7C4 /* Sources */ = {
			isa = PBXSourcesBuildPhase;
			buildActionMask = 2147483647;
			files = (
				DA6E526F2829A3DF0059F7C4 /* FMResultSet.m in Sources */,
				DA6E526E2829A3DF0059F7C4 /* FMDatabaseQueue.m in Sources */,
				DA6E52502829A3A90059F7C4 /* ViewController.swift in Sources */,
				DA6E52772829A63B0059F7C4 /* SonucEkraniViewController.swift in Sources */,
				DA0613612829ADD30068B3EF /* Bayrakdao.swift in Sources */,
				DA6E52702829A3DF0059F7C4 /* FMDatabase.m in Sources */,
				DA6E524C2829A3A90059F7C4 /* AppDelegate.swift in Sources */,
				DA6E52712829A3DF0059F7C4 /* FMDatabasePool.m in Sources */,
				DA6E524E2829A3A90059F7C4 /* SceneDelegate.swift in Sources */,
				DA6E52752829A62F0059F7C4 /* QuizEkraniViewController.swift in Sources */,
				DA6E526D2829A3DF0059F7C4 /* FMDatabaseAdditions.m in Sources */,
				DA06135F2829AD280068B3EF /* Bayraklar.swift in Sources */,
			);
			runOnlyForDeploymentPostprocessing = 0;
		};
/* End PBXSourcesBuildPhase section */

/* Begin PBXVariantGroup section */
		DA6E52512829A3A90059F7C4 /* Main.storyboard */ = {
			isa = PBXVariantGroup;
			children = (
				DA6E52522829A3A90059F7C4 /* Base */,
			);
			name = Main.storyboard;
			sourceTree = "<group>";
		};
		DA6E52562829A3AA0059F7C4 /* LaunchScreen.storyboard */ = {
			isa = PBXVariantGroup;
			children = (
				DA6E52572829A3AA0059F7C4 /* Base */,
			);
			name = LaunchScreen.storyboard;
			sourceTree = "<group>";
		};
/* End PBXVariantGroup section */

/* Begin XCBuildConfiguration section */
		DA6E525A2829A3AA0059F7C4 /* Debug */ = {
			isa = XCBuildConfiguration;
			buildSettings = {
				ALWAYS_SEARCH_USER_PATHS = NO;
				CLANG_ANALYZER_NONNULL = YES;
				CLANG_ANALYZER_NUMBER_OBJECT_CONVERSION = YES_AGGRESSIVE;
				CLANG_CXX_LANGUAGE_STANDARD = "gnu++17";
				CLANG_ENABLE_MODULES = YES;
				CLANG_ENABLE_OBJC_ARC = YES;
				CLANG_ENABLE_OBJC_WEAK = YES;
				CLANG_WARN_BLOCK_CAPTURE_AUTORELEASING = YES;
				CLANG_WARN_BOOL_CONVERSION = YES;
				CLANG_WARN_COMMA = YES;
				CLANG_WARN_CONSTANT_CONVERSION = YES;
				CLANG_WARN_DEPRECATED_OBJC_IMPLEMENTATIONS = YES;
				CLANG_WARN_DIRECT_OBJC_ISA_USAGE = YES_ERROR;
				CLANG_WARN_DOCUMENTATION_COMMENTS = YES;
				CLANG_WARN_EMPTY_BODY = YES;
				CLANG_WARN_ENUM_CONVERSION = YES;
				CLANG_WARN_INFINITE_RECURSION = YES;
				CLANG_WARN_INT_CONVERSION = YES;
				CLANG_WARN_NON_LITERAL_NULL_CONVERSION = YES;
				CLANG_WARN_OBJC_IMPLICIT_RETAIN_SELF = YES;
				CLANG_WARN_OBJC_LITERAL_CONVERSION = YES;
				CLANG_WARN_OBJC_ROOT_CLASS = YES_ERROR;
				CLANG_WARN_QUOTED_INCLUDE_IN_FRAMEWORK_HEADER = YES;
				CLANG_WARN_RANGE_LOOP_ANALYSIS = YES;
				CLANG_WARN_STRICT_PROTOTYPES = YES;
				CLANG_WARN_SUSPICIOUS_MOVE = YES;
				CLANG_WARN_UNGUARDED_AVAILABILITY = YES_AGGRESSIVE;
				CLANG_WARN_UNREACHABLE_CODE = YES;
				CLANG_WARN__DUPLICATE_METHOD_MATCH = YES;
				COPY_PHASE_STRIP = NO;
				DEBUG_INFORMATION_FORMAT = dwarf;
				ENABLE_STRICT_OBJC_MSGSEND = YES;
				ENABLE_TESTABILITY = YES;
				GCC_C_LANGUAGE_STANDARD = gnu11;
				GCC_DYNAMIC_NO_PIC = NO;
				GCC_NO_COMMON_BLOCKS = YES;
				GCC_OPTIMIZATION_LEVEL = 0;
				GCC_PREPROCESSOR_DEFINITIONS = (
					"DEBUG=1",
					"$(inherited)",
				);
				GCC_WARN_64_TO_32_BIT_CONVERSION = YES;
				GCC_WARN_ABOUT_RETURN_TYPE = YES_ERROR;
				GCC_WARN_UNDECLARED_SELECTOR = YES;
				GCC_WARN_UNINITIALIZED_AUTOS = YES_AGGRESSIVE;
				GCC_WARN_UNUSED_FUNCTION = YES;
				GCC_WARN_UNUSED_VARIABLE = YES;
				IPHONEOS_DEPLOYMENT_TARGET = 15.4;
				MTL_ENABLE_DEBUG_INFO = INCLUDE_SOURCE;
				MTL_FAST_MATH = YES;
				ONLY_ACTIVE_ARCH = YES;
				SDKROOT = iphoneos;
				SWIFT_ACTIVE_COMPILATION_CONDITIONS = DEBUG;
				SWIFT_OPTIMIZATION_LEVEL = "-Onone";
			};
			name = Debug;
		};
		DA6E525B2829A3AA0059F7C4 /* Release */ = {
			isa = XCBuildConfiguration;
			buildSettings = {
				ALWAYS_SEARCH_USER_PATHS = NO;
				CLANG_ANALYZER_NONNULL = YES;
				CLANG_ANALYZER_NUMBER_OBJECT_CONVERSION = YES_AGGRESSIVE;
				CLANG_CXX_LANGUAGE_STANDARD = "gnu++17";
				CLANG_ENABLE_MODULES = YES;
				CLANG_ENABLE_OBJC_ARC = YES;
				CLANG_ENABLE_OBJC_WEAK = YES;
				CLANG_WARN_BLOCK_CAPTURE_AUTORELEASING = YES;
				CLANG_WARN_BOOL_CONVERSION = YES;
				CLANG_WARN_COMMA = YES;
				CLANG_WARN_CONSTANT_CONVERSION = YES;
				CLANG_WARN_DEPRECATED_OBJC_IMPLEMENTATIONS = YES;
				CLANG_WARN_DIRECT_OBJC_ISA_USAGE = YES_ERROR;
				CLANG_WARN_DOCUMENTATION_COMMENTS = YES;
				CLANG_WARN_EMPTY_BODY = YES;
				CLANG_WARN_ENUM_CONVERSION = YES;
				CLANG_WARN_INFINITE_RECURSION = YES;
				CLANG_WARN_INT_CONVERSION = YES;
				CLANG_WARN_NON_LITERAL_NULL_CONVERSION = YES;
				CLANG_WARN_OBJC_IMPLICIT_RETAIN_SELF = YES;
				CLANG_WARN_OBJC_LITERAL_CONVERSION = YES;
				CLANG_WARN_OBJC_ROOT_CLASS = YES_ERROR;
				CLANG_WARN_QUOTED_INCLUDE_IN_FRAMEWORK_HEADER = YES;
				CLANG_WARN_RANGE_LOOP_ANALYSIS = YES;
				CLANG_WARN_STRICT_PROTOTYPES = YES;
				CLANG_WARN_SUSPICIOUS_MOVE = YES;
				CLANG_WARN_UNGUARDED_AVAILABILITY = YES_AGGRESSIVE;
				CLANG_WARN_UNREACHABLE_CODE = YES;
				CLANG_WARN__DUPLICATE_METHOD_MATCH = YES;
				COPY_PHASE_STRIP = NO;
				DEBUG_INFORMATION_FORMAT = "dwarf-with-dsym";
				ENABLE_NS_ASSERTIONS = NO;
				ENABLE_STRICT_OBJC_MSGSEND = YES;
				GCC_C_LANGUAGE_STANDARD = gnu11;
				GCC_NO_COMMON_BLOCKS = YES;
				GCC_WARN_64_TO_32_BIT_CONVERSION = YES;
				GCC_WARN_ABOUT_RETURN_TYPE = YES_ERROR;
				GCC_WARN_UNDECLARED_SELECTOR = YES;
				GCC_WARN_UNINITIALIZED_AUTOS = YES_AGGRESSIVE;
				GCC_WARN_UNUSED_FUNCTION = YES;
				GCC_WARN_UNUSED_VARIABLE = YES;
				IPHONEOS_DEPLOYMENT_TARGET = 15.4;
				MTL_ENABLE_DEBUG_INFO = NO;
				MTL_FAST_MATH = YES;
				SDKROOT = iphoneos;
				SWIFT_COMPILATION_MODE = wholemodule;
				SWIFT_OPTIMIZATION_LEVEL = "-O";
				VALIDATE_PRODUCT = YES;
			};
			name = Release;
		};
		DA6E525D2829A3AA0059F7C4 /* Debug */ = {
			isa = XCBuildConfiguration;
			buildSettings = {
				ASSETCATALOG_COMPILER_APPICON_NAME = AppIcon;
				ASSETCATALOG_COMPILER_GLOBAL_ACCENT_COLOR_NAME = AccentColor;
				CLANG_ENABLE_MODULES = YES;
				CODE_SIGN_STYLE = Automatic;
				CURRENT_PROJECT_VERSION = 1;
				DEVELOPMENT_TEAM = PFMP7MNJM2;
				GENERATE_INFOPLIST_FILE = YES;
				INFOPLIST_FILE = udemy_sqlbayrakquiz/Info.plist;
				INFOPLIST_KEY_UIApplicationSupportsIndirectInputEvents = YES;
				INFOPLIST_KEY_UILaunchStoryboardName = LaunchScreen;
				INFOPLIST_KEY_UIMainStoryboardFile = Main;
				INFOPLIST_KEY_UISupportedInterfaceOrientations_iPad = "UIInterfaceOrientationPortrait UIInterfaceOrientationPortraitUpsideDown UIInterfaceOrientationLandscapeLeft UIInterfaceOrientationLandscapeRight";
				INFOPLIST_KEY_UISupportedInterfaceOrientations_iPhone = "UIInterfaceOrientationPortrait UIInterfaceOrientationLandscapeLeft UIInterfaceOrientationLandscapeRight";
				LD_RUNPATH_SEARCH_PATHS = (
					"$(inherited)",
					"@executable_path/Frameworks",
				);
				MARKETING_VERSION = 1.0;
				PRODUCT_BUNDLE_IDENTIFIER = "com.erenveudemy.udemy-sqlbayrakquiz";
				PRODUCT_NAME = "$(TARGET_NAME)";
				SWIFT_EMIT_LOC_STRINGS = YES;
				SWIFT_OBJC_BRIDGING_HEADER = "udemy_sqlbayrakquiz/udemy_sqlbayrakquiz-Bridging-Header.h";
				SWIFT_OPTIMIZATION_LEVEL = "-Onone";
				SWIFT_VERSION = 5.0;
				TARGETED_DEVICE_FAMILY = "1,2";
			};
			name = Debug;
		};
		DA6E525E2829A3AA0059F7C4 /* Release */ = {
			isa = XCBuildConfiguration;
			buildSettings = {
				ASSETCATALOG_COMPILER_APPICON_NAME = AppIcon;
				ASSETCATALOG_COMPILER_GLOBAL_ACCENT_COLOR_NAME = AccentColor;
				CLANG_ENABLE_MODULES = YES;
				CODE_SIGN_STYLE = Automatic;
				CURRENT_PROJECT_VERSION = 1;
				DEVELOPMENT_TEAM = PFMP7MNJM2;
				GENERATE_INFOPLIST_FILE = YES;
				INFOPLIST_FILE = udemy_sqlbayrakquiz/Info.plist;
				INFOPLIST_KEY_UIApplicationSupportsIndirectInputEvents = YES;
				INFOPLIST_KEY_UILaunchStoryboardName = LaunchScreen;
				INFOPLIST_KEY_UIMainStoryboardFile = Main;
				INFOPLIST_KEY_UISupportedInterfaceOrientations_iPad = "UIInterfaceOrientationPortrait UIInterfaceOrientationPortraitUpsideDown UIInterfaceOrientationLandscapeLeft UIInterfaceOrientationLandscapeRight";
				INFOPLIST_KEY_UISupportedInterfaceOrientations_iPhone = "UIInterfaceOrientationPortrait UIInterfaceOrientationLandscapeLeft UIInterfaceOrientationLandscapeRight";
				LD_RUNPATH_SEARCH_PATHS = (
					"$(inherited)",
					"@executable_path/Frameworks",
				);
				MARKETING_VERSION = 1.0;
				PRODUCT_BUNDLE_IDENTIFIER = "com.erenveudemy.udemy-sqlbayrakquiz";
				PRODUCT_NAME = "$(TARGET_NAME)";
				SWIFT_EMIT_LOC_STRINGS = YES;
				SWIFT_OBJC_BRIDGING_HEADER = "udemy_sqlbayrakquiz/udemy_sqlbayrakquiz-Bridging-Header.h";
				SWIFT_VERSION = 5.0;
				TARGETED_DEVICE_FAMILY = "1,2";
			};
			name = Release;
		};
/* End XCBuildConfiguration section */

/* Begin XCConfigurationList section */
		DA6E52432829A3A90059F7C4 /* Build configuration list for PBXProject "udemy_sqlbayrakquiz" */ = {
			isa = XCConfigurationList;
			buildConfigurations = (
				DA6E525A2829A3AA0059F7C4 /* Debug */,
				DA6E525B2829A3AA0059F7C4 /* Release */,
			);
			defaultConfigurationIsVisible = 0;
			defaultConfigurationName = Release;
		};
		DA6E525C2829A3AA0059F7C4 /* Build configuration list for PBXNativeTarget "udemy_sqlbayrakquiz" */ = {
			isa = XCConfigurationList;
			buildConfigurations = (
				DA6E525D2829A3AA0059F7C4 /* Debug */,
				DA6E525E2829A3AA0059F7C4 /* Release */,
			);
			defaultConfigurationIsVisible = 0;
			defaultConfigurationName = Release;
		};
/* End XCConfigurationList section */
	};
	rootObject = DA6E52402829A3A90059F7C4 /* Project object */;
}
